
Microsoft Visual Studio Solution File, Format Version 12.00
# Visual Studio Version 17
VisualStudioVersion = 17.0.31903.59
MinimumVisualStudioVersion = 10.0.40219.1
Project("{2150E333-8FDC-42A3-9474-1A3956D46DE8}") = "src", "src", "{827E0CD3-B72D-47B6-A68D-7590B98EB39B}"
EndProject
Project("{FAE04EC0-301F-11D3-BF4B-00C04F79EFBC}") = "HealthcareJobs.Shared", "src\HealthcareJobs.Shared\HealthcareJobs.Shared.csproj", "{E305CF21-06E6-4FB6-A9A5-288DF7F9803F}"
EndProject
Project("{FAE04EC0-301F-11D3-BF4B-00C04F79EFBC}") = "HealthcareJobs.API", "src\HealthcareJobs.API\HealthcareJobs.API.csproj", "{C9A8468C-C8DA-4C75-AAD2-6F90956D0DE3}"
EndProject
Project("{FAE04EC0-301F-11D3-BF4B-00C04F79EFBC}") = "HealthcareJobs.Infrastructure", "src\HealthcareJobs.Infrastructure\HealthcareJobs.Infrastructure.csproj", "{D8305357-0FFF-45D6-95E1-B3CCE2E88006}"
EndProject
Project("{FAE04EC0-301F-11D3-BF4B-00C04F79EFBC}") = "HealthcareJobs.Core", "src\HealthcareJobs.Core\HealthcareJobs.Core.csproj", "{4AF82AA6-B0C7-4A49-A822-620B46AF80D4}"
EndProject
Global
	GlobalSection(SolutionConfigurationPlatforms) = preSolution
		Debug|Any CPU = Debug|Any CPU
		Debug|x64 = Debug|x64
		Debug|x86 = Debug|x86
		Release|Any CPU = Release|Any CPU
		Release|x64 = Release|x64
		Release|x86 = Release|x86
	EndGlobalSection
	GlobalSection(ProjectConfigurationPlatforms) = postSolution
		{E305CF21-06E6-4FB6-A9A5-288DF7F9803F}.Debug|Any CPU.ActiveCfg = Debug|Any CPU
		{E305CF21-06E6-4FB6-A9A5-288DF7F9803F}.Debug|Any CPU.Build.0 = Debug|Any CPU
		{E305CF21-06E6-4FB6-A9A5-288DF7F9803F}.Debug|x64.ActiveCfg = Debug|Any CPU
		{E305CF21-06E6-4FB6-A9A5-288DF7F9803F}.Debug|x64.Build.0 = Debug|Any CPU
		{E305CF21-06E6-4FB6-A9A5-288DF7F9803F}.Debug|x86.ActiveCfg = Debug|Any CPU
		{E305CF21-06E6-4FB6-A9A5-288DF7F9803F}.Debug|x86.Build.0 = Debug|Any CPU
		{E305CF21-06E6-4FB6-A9A5-288DF7F9803F}.Release|Any CPU.ActiveCfg = Release|Any CPU
		{E305CF21-06E6-4FB6-A9A5-288DF7F9803F}.Release|Any CPU.Build.0 = Release|Any CPU
		{E305CF21-06E6-4FB6-A9A5-288DF7F9803F}.Release|x64.ActiveCfg = Release|Any CPU
		{E305CF21-06E6-4FB6-A9A5-288DF7F9803F}.Release|x64.Build.0 = Release|Any CPU
		{E305CF21-06E6-4FB6-A9A5-288DF7F9803F}.Release|x86.ActiveCfg = Release|Any CPU
		{E305CF21-06E6-4FB6-A9A5-288DF7F9803F}.Release|x86.Build.0 = Release|Any CPU
		{C9A8468C-C8DA-4C75-AAD2-6F90956D0DE3}.Debug|Any CPU.ActiveCfg = Debug|Any CPU
		{C9A8468C-C8DA-4C75-AAD2-6F90956D0DE3}.Debug|Any CPU.Build.0 = Debug|Any CPU
		{C9A8468C-C8DA-4C75-AAD2-6F90956D0DE3}.Debug|x64.ActiveCfg = Debug|Any CPU
		{C9A8468C-C8DA-4C75-AAD2-6F90956D0DE3}.Debug|x64.Build.0 = Debug|Any CPU
		{C9A8468C-C8DA-4C75-AAD2-6F90956D0DE3}.Debug|x86.ActiveCfg = Debug|Any CPU
		{C9A8468C-C8DA-4C75-AAD2-6F90956D0DE3}.Debug|x86.Build.0 = Debug|Any CPU
		{C9A8468C-C8DA-4C75-AAD2-6F90956D0DE3}.Release|Any CPU.ActiveCfg = Release|Any CPU
		{C9A8468C-C8DA-4C75-AAD2-6F90956D0DE3}.Release|Any CPU.Build.0 = Release|Any CPU
		{C9A8468C-C8DA-4C75-AAD2-6F90956D0DE3}.Release|x64.ActiveCfg = Release|Any CPU
		{C9A8468C-C8DA-4C75-AAD2-6F90956D0DE3}.Release|x64.Build.0 = Release|Any CPU
		{C9A8468C-C8DA-4C75-AAD2-6F90956D0DE3}.Release|x86.ActiveCfg = Release|Any CPU
		{C9A8468C-C8DA-4C75-AAD2-6F90956D0DE3}.Release|x86.Build.0 = Release|Any CPU
		{D8305357-0FFF-45D6-95E1-B3CCE2E88006}.Debug|Any CPU.ActiveCfg = Debug|Any CPU
		{D8305357-0FFF-45D6-95E1-B3CCE2E88006}.Debug|Any CPU.Build.0 = Debug|Any CPU
		{D8305357-0FFF-45D6-95E1-B3CCE2E88006}.Debug|x64.ActiveCfg = Debug|Any CPU
		{D8305357-0FFF-45D6-95E1-B3CCE2E88006}.Debug|x64.Build.0 = Debug|Any CPU
		{D8305357-0FFF-45D6-95E1-B3CCE2E88006}.Debug|x86.ActiveCfg = Debug|Any CPU
		{D8305357-0FFF-45D6-95E1-B3CCE2E88006}.Debug|x86.Build.0 = Debug|Any CPU
		{D8305357-0FFF-45D6-95E1-B3CCE2E88006}.Release|Any CPU.ActiveCfg = Release|Any CPU
		{D8305357-0FFF-45D6-95E1-B3CCE2E88006}.Release|Any CPU.Build.0 = Release|Any CPU
		{D8305357-0FFF-45D6-95E1-B3CCE2E88006}.Release|x64.ActiveCfg = Release|Any CPU
		{D8305357-0FFF-45D6-95E1-B3CCE2E88006}.Release|x64.Build.0 = Release|Any CPU
		{D8305357-0FFF-45D6-95E1-B3CCE2E88006}.Release|x86.ActiveCfg = Release|Any CPU
		{D8305357-0FFF-45D6-95E1-B3CCE2E88006}.Release|x86.Build.0 = Release|Any CPU
		{4AF82AA6-B0C7-4A49-A822-620B46AF80D4}.Debug|Any CPU.ActiveCfg = Debug|Any CPU
		{4AF82AA6-B0C7-4A49-A822-620B46AF80D4}.Debug|Any CPU.Build.0 = Debug|Any CPU
		{4AF82AA6-B0C7-4A49-A822-620B46AF80D4}.Debug|x64.ActiveCfg = Debug|Any CPU
		{4AF82AA6-B0C7-4A49-A822-620B46AF80D4}.Debug|x64.Build.0 = Debug|Any CPU
		{4AF82AA6-B0C7-4A49-A822-620B46AF80D4}.Debug|x86.ActiveCfg = Debug|Any CPU
		{4AF82AA6-B0C7-4A49-A822-620B46AF80D4}.Debug|x86.Build.0 = Debug|Any CPU
		{4AF82AA6-B0C7-4A49-A822-620B46AF80D4}.Release|Any CPU.ActiveCfg = Release|Any CPU
		{4AF82AA6-B0C7-4A49-A822-620B46AF80D4}.Release|Any CPU.Build.0 = Release|Any CPU
		{4AF82AA6-B0C7-4A49-A822-620B46AF80D4}.Release|x64.ActiveCfg = Release|Any CPU
		{4AF82AA6-B0C7-4A49-A822-620B46AF80D4}.Release|x64.Build.0 = Release|Any CPU
		{4AF82AA6-B0C7-4A49-A822-620B46AF80D4}.Release|x86.ActiveCfg = Release|Any CPU
		{4AF82AA6-B0C7-4A49-A822-620B46AF80D4}.Release|x86.Build.0 = Release|Any CPU
	EndGlobalSection
	GlobalSection(SolutionProperties) = preSolution
		HideSolutionNode = FALSE
	EndGlobalSection
	GlobalSection(NestedProjects) = preSolution
		{E305CF21-06E6-4FB6-A9A5-288DF7F9803F} = {827E0CD3-B72D-47B6-A68D-7590B98EB39B}
		{C9A8468C-C8DA-4C75-AAD2-6F90956D0DE3} = {827E0CD3-B72D-47B6-A68D-7590B98EB39B}
		{D8305357-0FFF-45D6-95E1-B3CCE2E88006} = {827E0CD3-B72D-47B6-A68D-7590B98EB39B}
		{4AF82AA6-B0C7-4A49-A822-620B46AF80D4} = {827E0CD3-B72D-47B6-A68D-7590B98EB39B}
	EndGlobalSection
EndGlobal
